// !$*UTF8*$!
{
	archiveVersion = 1;
	classes = {
	};
	objectVersion = 56;
	objects = {

/* Begin PBXBuildFile section */
		538392FD29389334005A1899 /* AppDelegate.swift in Sources */ = {isa = PBXBuildFile; fileRef = 538392FC29389334005A1899 /* AppDelegate.swift */; };
		538392FF29389334005A1899 /* SceneDelegate.swift in Sources */ = {isa = PBXBuildFile; fileRef = 538392FE29389334005A1899 /* SceneDelegate.swift */; };
		5383930629389335005A1899 /* Assets.xcassets in Resources */ = {isa = PBXBuildFile; fileRef = 5383930529389335005A1899 /* Assets.xcassets */; };
		5383930929389335005A1899 /* LaunchScreen.storyboard in Resources */ = {isa = PBXBuildFile; fileRef = 5383930729389335005A1899 /* LaunchScreen.storyboard */; };
		538393112938966F005A1899 /* CardSelectionVC.swift in Sources */ = {isa = PBXBuildFile; fileRef = 538393102938966F005A1899 /* CardSelectionVC.swift */; };
		5383931329389DF0005A1899 /* CWButton.swift in Sources */ = {isa = PBXBuildFile; fileRef = 5383931229389DF0005A1899 /* CWButton.swift */; };
		538393152938D24E005A1899 /* RulesVC.swift in Sources */ = {isa = PBXBuildFile; fileRef = 538393142938D24E005A1899 /* RulesVC.swift */; };
		538393172938F178005A1899 /* Deck.swift in Sources */ = {isa = PBXBuildFile; fileRef = 538393162938F178005A1899 /* Deck.swift */; };
/* End PBXBuildFile section */

/* Begin PBXFileReference section */
		538392F929389334005A1899 /* Card-Programmatic.app */ = {isa = PBXFileReference; explicitFileType = wrapper.application; includeInIndex = 0; path = "Card-Programmatic.app"; sourceTree = BUILT_PRODUCTS_DIR; };
		538392FC29389334005A1899 /* AppDelegate.swift */ = {isa = PBXFileReference; lastKnownFileType = sourcecode.swift; path = AppDelegate.swift; sourceTree = "<group>"; };
		538392FE29389334005A1899 /* SceneDelegate.swift */ = {isa = PBXFileReference; lastKnownFileType = sourcecode.swift; path = SceneDelegate.swift; sourceTree = "<group>"; };
		5383930529389335005A1899 /* Assets.xcassets */ = {isa = PBXFileReference; lastKnownFileType = folder.assetcatalog; path = Assets.xcassets; sourceTree = "<group>"; };
		5383930829389335005A1899 /* Base */ = {isa = PBXFileReference; lastKnownFileType = file.storyboard; name = Base; path = Base.lproj/LaunchScreen.storyboard; sourceTree = "<group>"; };
		5383930A29389335005A1899 /* Info.plist */ = {isa = PBXFileReference; lastKnownFileType = text.plist.xml; path = Info.plist; sourceTree = "<group>"; };
		538393102938966F005A1899 /* CardSelectionVC.swift */ = {isa = PBXFileReference; lastKnownFileType = sourcecode.swift; path = CardSelectionVC.swift; sourceTree = "<group>"; };
		5383931229389DF0005A1899 /* CWButton.swift */ = {isa = PBXFileReference; lastKnownFileType = sourcecode.swift; path = CWButton.swift; sourceTree = "<group>"; };
		538393142938D24E005A1899 /* RulesVC.swift */ = {isa = PBXFileReference; lastKnownFileType = sourcecode.swift; path = RulesVC.swift; sourceTree = "<group>"; };
		538393162938F178005A1899 /* Deck.swift */ = {isa = PBXFileReference; lastKnownFileType = sourcecode.swift; path = Deck.swift; sourceTree = "<group>"; };
/* End PBXFileReference section */

/* Begin PBXFrameworksBuildPhase section */
		538392F629389334005A1899 /* Frameworks */ = {
			isa = PBXFrameworksBuildPhase;
			buildActionMask = 2147483647;
			files = (
			);
			runOnlyForDeploymentPostprocessing = 0;
		};
/* End PBXFrameworksBuildPhase section */

/* Begin PBXGroup section */
		538392F029389334005A1899 = {
			isa = PBXGroup;
			children = (
				538392FB29389334005A1899 /* Card-Programmatic */,
				538392FA29389334005A1899 /* Products */,
			);
			sourceTree = "<group>";
		};
		538392FA29389334005A1899 /* Products */ = {
			isa = PBXGroup;
			children = (
				538392F929389334005A1899 /* Card-Programmatic.app */,
			);
			name = Products;
			sourceTree = "<group>";
		};
		538392FB29389334005A1899 /* Card-Programmatic */ = {
			isa = PBXGroup;
			children = (
				538392FC29389334005A1899 /* AppDelegate.swift */,
				538392FE29389334005A1899 /* SceneDelegate.swift */,
				5383931229389DF0005A1899 /* CWButton.swift */,
				538393102938966F005A1899 /* CardSelectionVC.swift */,
				538393162938F178005A1899 /* Deck.swift */,
				538393142938D24E005A1899 /* RulesVC.swift */,
				5383930529389335005A1899 /* Assets.xcassets */,
				5383930729389335005A1899 /* LaunchScreen.storyboard */,
				5383930A29389335005A1899 /* Info.plist */,
			);
			path = "Card-Programmatic";
			sourceTree = "<group>";
		};
/* End PBXGroup section */

/* Begin PBXNativeTarget section */
		538392F829389334005A1899 /* Card-Programmatic */ = {
			isa = PBXNativeTarget;
			buildConfigurationList = 5383930D29389335005A1899 /* Build configuration list for PBXNativeTarget "Card-Programmatic" */;
			buildPhases = (
				538392F529389334005A1899 /* Sources */,
				538392F629389334005A1899 /* Frameworks */,
				538392F729389334005A1899 /* Resources */,
			);
			buildRules = (
			);
			dependencies = (
			);
			name = "Card-Programmatic";
			productName = "Card-Programmatic";
			productReference = 538392F929389334005A1899 /* Card-Programmatic.app */;
			productType = "com.apple.product-type.application";
		};
/* End PBXNativeTarget section */

/* Begin PBXProject section */
		538392F129389334005A1899 /* Project object */ = {
			isa = PBXProject;
			attributes = {
				BuildIndependentTargetsInParallel = 1;
				LastSwiftUpdateCheck = 1410;
				LastUpgradeCheck = 1410;
				TargetAttributes = {
					538392F829389334005A1899 = {
						CreatedOnToolsVersion = 14.1;
					};
				};
			};
			buildConfigurationList = 538392F429389334005A1899 /* Build configuration list for PBXProject "Card-Programmatic" */;
			compatibilityVersion = "Xcode 14.0";
			developmentRegion = en;
			hasScannedForEncodings = 0;
			knownRegions = (
				en,
				Base,
			);
			mainGroup = 538392F029389334005A1899;
			productRefGroup = 538392FA29389334005A1899 /* Products */;
			projectDirPath = "";
			projectRoot = "";
			targets = (
				538392F829389334005A1899 /* Card-Programmatic */,
			);
		};
/* End PBXProject section */

/* Begin PBXResourcesBuildPhase section */
		538392F729389334005A1899 /* Resources */ = {
			isa = PBXResourcesBuildPhase;
			buildActionMask = 2147483647;
			files = (
				5383930929389335005A1899 /* LaunchScreen.storyboard in Resources */,
				5383930629389335005A1899 /* Assets.xcassets in Resources */,
			);
			runOnlyForDeploymentPostprocessing = 0;
		};
/* End PBXResourcesBuildPhase section */

/* Begin PBXSourcesBuildPhase section */
		538392F529389334005A1899 /* Sources */ = {
			isa = PBXSourcesBuildPhase;
			buildActionMask = 2147483647;
			files = (
				538393172938F178005A1899 /* Deck.swift in Sources */,
				538392FD29389334005A1899 /* AppDelegate.swift in Sources */,
				538393152938D24E005A1899 /* RulesVC.swift in Sources */,
				538392FF29389334005A1899 /* SceneDelegate.swift in Sources */,
				538393112938966F005A1899 /* CardSelectionVC.swift in Sources */,
				5383931329389DF0005A1899 /* CWButton.swift in Sources */,
			);
			runOnlyForDeploymentPostprocessing = 0;
		};
/* End PBXSourcesBuildPhase section */

/* Begin PBXVariantGroup section */
		5383930729389335005A1899 /* LaunchScreen.storyboard */ = {
			isa = PBXVariantGroup;
			children = (
				5383930829389335005A1899 /* Base */,
			);
			name = LaunchScreen.storyboard;
			sourceTree = "<group>";
		};
/* End PBXVariantGroup section */

/* Begin XCBuildConfiguration section */
		5383930B29389335005A1899 /* Debug */ = {
			isa = XCBuildConfiguration;
			buildSettings = {
				ALWAYS_SEARCH_USER_PATHS = NO;
				CLANG_ANALYZER_NONNULL = YES;
				CLANG_ANALYZER_NUMBER_OBJECT_CONVERSION = YES_AGGRESSIVE;
				CLANG_CXX_LANGUAGE_STANDARD = "gnu++20";
				CLANG_ENABLE_MODULES = YES;
				CLANG_ENABLE_OBJC_ARC = YES;
				CLANG_ENABLE_OBJC_WEAK = YES;
				CLANG_WARN_BLOCK_CAPTURE_AUTORELEASING = YES;
				CLANG_WARN_BOOL_CONVERSION = YES;
				CLANG_WARN_COMMA = YES;
				CLANG_WARN_CONSTANT_CONVERSION = YES;
				CLANG_WARN_DEPRECATED_OBJC_IMPLEMENTATIONS = YES;
				CLANG_WARN_DIRECT_OBJC_ISA_USAGE = YES_ERROR;
				CLANG_WARN_DOCUMENTATION_COMMENTS = YES;
				CLANG_WARN_EMPTY_BODY = YES;
				CLANG_WARN_ENUM_CONVERSION = YES;
				CLANG_WARN_INFINITE_RECURSION = YES;
				CLANG_WARN_INT_CONVERSION = YES;
				CLANG_WARN_NON_LITERAL_NULL_CONVERSION = YES;
				CLANG_WARN_OBJC_IMPLICIT_RETAIN_SELF = YES;
				CLANG_WARN_OBJC_LITERAL_CONVERSION = YES;
				CLANG_WARN_OBJC_ROOT_CLASS = YES_ERROR;
				CLANG_WARN_QUOTED_INCLUDE_IN_FRAMEWORK_HEADER = YES;
				CLANG_WARN_RANGE_LOOP_ANALYSIS = YES;
				CLANG_WARN_STRICT_PROTOTYPES = YES;
				CLANG_WARN_SUSPICIOUS_MOVE = YES;
				CLANG_WARN_UNGUARDED_AVAILABILITY = YES_AGGRESSIVE;
				CLANG_WARN_UNREACHABLE_CODE = YES;
				CLANG_WARN__DUPLICATE_METHOD_MATCH = YES;
				COPY_PHASE_STRIP = NO;
				DEBUG_INFORMATION_FORMAT = dwarf;
				ENABLE_STRICT_OBJC_MSGSEND = YES;
				ENABLE_TESTABILITY = YES;
				GCC_C_LANGUAGE_STANDARD = gnu11;
				GCC_DYNAMIC_NO_PIC = NO;
				GCC_NO_COMMON_BLOCKS = YES;
				GCC_OPTIMIZATION_LEVEL = 0;
				GCC_PREPROCESSOR_DEFINITIONS = (
					"DEBUG=1",
					"$(inherited)",
				);
				GCC_WARN_64_TO_32_BIT_CONVERSION = YES;
				GCC_WARN_ABOUT_RETURN_TYPE = YES_ERROR;
				GCC_WARN_UNDECLARED_SELECTOR = YES;
				GCC_WARN_UNINITIALIZED_AUTOS = YES_AGGRESSIVE;
				GCC_WARN_UNUSED_FUNCTION = YES;
				GCC_WARN_UNUSED_VARIABLE = YES;
				IPHONEOS_DEPLOYMENT_TARGET = 16.1;
				MTL_ENABLE_DEBUG_INFO = INCLUDE_SOURCE;
				MTL_FAST_MATH = YES;
				ONLY_ACTIVE_ARCH = YES;
				SDKROOT = iphoneos;
				SWIFT_ACTIVE_COMPILATION_CONDITIONS = DEBUG;
				SWIFT_OPTIMIZATION_LEVEL = "-Onone";
			};
			name = Debug;
		};
		5383930C29389335005A1899 /* Release */ = {
			isa = XCBuildConfiguration;
			buildSettings = {
				ALWAYS_SEARCH_USER_PATHS = NO;
				CLANG_ANALYZER_NONNULL = YES;
				CLANG_ANALYZER_NUMBER_OBJECT_CONVERSION = YES_AGGRESSIVE;
				CLANG_CXX_LANGUAGE_STANDARD = "gnu++20";
				CLANG_ENABLE_MODULES = YES;
				CLANG_ENABLE_OBJC_ARC = YES;
				CLANG_ENABLE_OBJC_WEAK = YES;
				CLANG_WARN_BLOCK_CAPTURE_AUTORELEASING = YES;
				CLANG_WARN_BOOL_CONVERSION = YES;
				CLANG_WARN_COMMA = YES;
				CLANG_WARN_CONSTANT_CONVERSION = YES;
				CLANG_WARN_DEPRECATED_OBJC_IMPLEMENTATIONS = YES;
				CLANG_WARN_DIRECT_OBJC_ISA_USAGE = YES_ERROR;
				CLANG_WARN_DOCUMENTATION_COMMENTS = YES;
				CLANG_WARN_EMPTY_BODY = YES;
				CLANG_WARN_ENUM_CONVERSION = YES;
				CLANG_WARN_INFINITE_RECURSION = YES;
				CLANG_WARN_INT_CONVERSION = YES;
				CLANG_WARN_NON_LITERAL_NULL_CONVERSION = YES;
				CLANG_WARN_OBJC_IMPLICIT_RETAIN_SELF = YES;
				CLANG_WARN_OBJC_LITERAL_CONVERSION = YES;
				CLANG_WARN_OBJC_ROOT_CLASS = YES_ERROR;
				CLANG_WARN_QUOTED_INCLUDE_IN_FRAMEWORK_HEADER = YES;
				CLANG_WARN_RANGE_LOOP_ANALYSIS = YES;
				CLANG_WARN_STRICT_PROTOTYPES = YES;
				CLANG_WARN_SUSPICIOUS_MOVE = YES;
				CLANG_WARN_UNGUARDED_AVAILABILITY = YES_AGGRESSIVE;
				CLANG_WARN_UNREACHABLE_CODE = YES;
				CLANG_WARN__DUPLICATE_METHOD_MATCH = YES;
				COPY_PHASE_STRIP = NO;
				DEBUG_INFORMATION_FORMAT = "dwarf-with-dsym";
				ENABLE_NS_ASSERTIONS = NO;
				ENABLE_STRICT_OBJC_MSGSEND = YES;
				GCC_C_LANGUAGE_STANDARD = gnu11;
				GCC_NO_COMMON_BLOCKS = YES;
				GCC_WARN_64_TO_32_BIT_CONVERSION = YES;
				GCC_WARN_ABOUT_RETURN_TYPE = YES_ERROR;
				GCC_WARN_UNDECLARED_SELECTOR = YES;
				GCC_WARN_UNINITIALIZED_AUTOS = YES_AGGRESSIVE;
				GCC_WARN_UNUSED_FUNCTION = YES;
				GCC_WARN_UNUSED_VARIABLE = YES;
				IPHONEOS_DEPLOYMENT_TARGET = 16.1;
				MTL_ENABLE_DEBUG_INFO = NO;
				MTL_FAST_MATH = YES;
				SDKROOT = iphoneos;
				SWIFT_COMPILATION_MODE = wholemodule;
				SWIFT_OPTIMIZATION_LEVEL = "-O";
				VALIDATE_PRODUCT = YES;
			};
			name = Release;
		};
		5383930E29389335005A1899 /* Debug */ = {
			isa = XCBuildConfiguration;
			buildSettings = {
				ASSETCATALOG_COMPILER_APPICON_NAME = AppIcon;
				ASSETCATALOG_COMPILER_GLOBAL_ACCENT_COLOR_NAME = AccentColor;
				CODE_SIGN_STYLE = Automatic;
				CURRENT_PROJECT_VERSION = 1;
				DEVELOPMENT_TEAM = TPP3HP6WJ6;
				GENERATE_INFOPLIST_FILE = YES;
				INFOPLIST_FILE = "Card-Programmatic/Info.plist";
				INFOPLIST_KEY_UIApplicationSupportsIndirectInputEvents = YES;
				INFOPLIST_KEY_UILaunchStoryboardName = LaunchScreen;
				INFOPLIST_KEY_UISupportedInterfaceOrientations_iPad = "UIInterfaceOrientationPortrait UIInterfaceOrientationPortraitUpsideDown UIInterfaceOrientationLandscapeLeft UIInterfaceOrientationLandscapeRight";
				INFOPLIST_KEY_UISupportedInterfaceOrientations_iPhone = "UIInterfaceOrientationPortrait UIInterfaceOrientationLandscapeLeft UIInterfaceOrientationLandscapeRight";
				LD_RUNPATH_SEARCH_PATHS = (
					"$(inherited)",
					"@executable_path/Frameworks",
				);
				MARKETING_VERSION = 1.0;
				PRODUCT_BUNDLE_IDENTIFIER = "guhan.Card-Programmatic";
				PRODUCT_NAME = "$(TARGET_NAME)";
				SWIFT_EMIT_LOC_STRINGS = YES;
				SWIFT_VERSION = 5.0;
				TARGETED_DEVICE_FAMILY = "1,2";
			};
			name = Debug;
		};
		5383930F29389335005A1899 /* Release */ = {
			isa = XCBuildConfiguration;
			buildSettings = {
				ASSETCATALOG_COMPILER_APPICON_NAME = AppIcon;
				ASSETCATALOG_COMPILER_GLOBAL_ACCENT_COLOR_NAME = AccentColor;
				CODE_SIGN_STYLE = Automatic;
				CURRENT_PROJECT_VERSION = 1;
				DEVELOPMENT_TEAM = TPP3HP6WJ6;
				GENERATE_INFOPLIST_FILE = YES;
				INFOPLIST_FILE = "Card-Programmatic/Info.plist";
				INFOPLIST_KEY_UIApplicationSupportsIndirectInputEvents = YES;
				INFOPLIST_KEY_UILaunchStoryboardName = LaunchScreen;
				INFOPLIST_KEY_UISupportedInterfaceOrientations_iPad = "UIInterfaceOrientationPortrait UIInterfaceOrientationPortraitUpsideDown UIInterfaceOrientationLandscapeLeft UIInterfaceOrientationLandscapeRight";
				INFOPLIST_KEY_UISupportedInterfaceOrientations_iPhone = "UIInterfaceOrientationPortrait UIInterfaceOrientationLandscapeLeft UIInterfaceOrientationLandscapeRight";
				LD_RUNPATH_SEARCH_PATHS = (
					"$(inherited)",
					"@executable_path/Frameworks",
				);
				MARKETING_VERSION = 1.0;
				PRODUCT_BUNDLE_IDENTIFIER = "guhan.Card-Programmatic";
				PRODUCT_NAME = "$(TARGET_NAME)";
				SWIFT_EMIT_LOC_STRINGS = YES;
				SWIFT_VERSION = 5.0;
				TARGETED_DEVICE_FAMILY = "1,2";
			};
			name = Release;
		};
/* End XCBuildConfiguration section */

/* Begin XCConfigurationList section */
		538392F429389334005A1899 /* Build configuration list for PBXProject "Card-Programmatic" */ = {
			isa = XCConfigurationList;
			buildConfigurations = (
				5383930B29389335005A1899 /* Debug */,
				5383930C29389335005A1899 /* Release */,
			);
			defaultConfigurationIsVisible = 0;
			defaultConfigurationName = Release;
		};
		5383930D29389335005A1899 /* Build configuration list for PBXNativeTarget "Card-Programmatic" */ = {
			isa = XCConfigurationList;
			buildConfigurations = (
				5383930E29389335005A1899 /* Debug */,
				5383930F29389335005A1899 /* Release */,
			);
			defaultConfigurationIsVisible = 0;
			defaultConfigurationName = Release;
		};
/* End XCConfigurationList section */
	};
	rootObject = 538392F129389334005A1899 /* Project object */;
}
